
Microsoft Visual Studio Solution File, Format Version 12.00
# Visual Studio Version 16
VisualStudioVersion = 16.0.31129.286
MinimumVisualStudioVersion = 10.0.40219.1
Project("{FAE04EC0-301F-11D3-BF4B-00C04F79EFBC}") = "AddressRestSharp", "AddressRestSharp\AddressRestSharp.csproj", "{A2F82F5E-DCC0-4BE7-8196-BB9506CA33D2}"
EndProject
Project("{FAE04EC0-301F-11D3-BF4B-00C04F79EFBC}") = "AddressTest", "AddressTest\AddressTest.csproj", "{4294FDE0-433A-4DF9-95B4-0F74BA68279E}"
EndProject
Global
	GlobalSection(SolutionConfigurationPlatforms) = preSolution
		Debug|Any CPU = Debug|Any CPU
		Release|Any CPU = Release|Any CPU
	EndGlobalSection
	GlobalSection(ProjectConfigurationPlatforms) = postSolution
		{A2F82F5E-DCC0-4BE7-8196-BB9506CA33D2}.Debug|Any CPU.ActiveCfg = Debug|Any CPU
		{A2F82F5E-DCC0-4BE7-8196-BB9506CA33D2}.Debug|Any CPU.Build.0 = Debug|Any CPU
		{A2F82F5E-DCC0-4BE7-8196-BB9506CA33D2}.Release|Any CPU.ActiveCfg = Release|Any CPU
		{A2F82F5E-DCC0-4BE7-8196-BB9506CA33D2}.Release|Any CPU.Build.0 = Release|Any CPU
		{4294FDE0-433A-4DF9-95B4-0F74BA68279E}.Debug|Any CPU.ActiveCfg = Debug|Any CPU
		{4294FDE0-433A-4DF9-95B4-0F74BA68279E}.Debug|Any CPU.Build.0 = Debug|Any CPU
		{4294FDE0-433A-4DF9-95B4-0F74BA68279E}.Release|Any CPU.ActiveCfg = Release|Any CPU
		{4294FDE0-433A-4DF9-95B4-0F74BA68279E}.Release|Any CPU.Build.0 = Release|Any CPU
	EndGlobalSection
	GlobalSection(SolutionProperties) = preSolution
		HideSolutionNode = FALSE
	EndGlobalSection
	GlobalSection(ExtensibilityGlobals) = postSolution
		SolutionGuid = {6CACC132-23C8-4CF7-B48C-6DC92706137F}
	EndGlobalSection
EndGlobal
